
Microsoft Visual Studio Solution File, Format Version 12.00
# Visual Studio Version 16
VisualStudioVersion = 16.0.31702.278
MinimumVisualStudioVersion = 10.0.40219.1
Project("{FAE04EC0-301F-11D3-BF4B-00C04F79EFBC}") = "webDataBindDataTable", "webDataBindDataTable\webDataBindDataTable.csproj", "{77058E8E-B716-4396-89D3-5D2AF9FD5447}"
EndProject
Project("{FAE04EC0-301F-11D3-BF4B-00C04F79EFBC}") = "UnitTestASP", "UnitTestASP\UnitTestASP.csproj", "{CE7E8B0B-98A7-45F4-AF4D-9574197369A7}"
EndProject
Global
	GlobalSection(SolutionConfigurationPlatforms) = preSolution
		Debug|Any CPU = Debug|Any CPU
		Release|Any CPU = Release|Any CPU
	EndGlobalSection
	GlobalSection(ProjectConfigurationPlatforms) = postSolution
		{77058E8E-B716-4396-89D3-5D2AF9FD5447}.Debug|Any CPU.ActiveCfg = Debug|Any CPU
		{77058E8E-B716-4396-89D3-5D2AF9FD5447}.Debug|Any CPU.Build.0 = Debug|Any CPU
		{77058E8E-B716-4396-89D3-5D2AF9FD5447}.Release|Any CPU.ActiveCfg = Release|Any CPU
		{77058E8E-B716-4396-89D3-5D2AF9FD5447}.Release|Any CPU.Build.0 = Release|Any CPU
		{CE7E8B0B-98A7-45F4-AF4D-9574197369A7}.Debug|Any CPU.ActiveCfg = Debug|Any CPU
		{CE7E8B0B-98A7-45F4-AF4D-9574197369A7}.Debug|Any CPU.Build.0 = Debug|Any CPU
		{CE7E8B0B-98A7-45F4-AF4D-9574197369A7}.Release|Any CPU.ActiveCfg = Release|Any CPU
		{CE7E8B0B-98A7-45F4-AF4D-9574197369A7}.Release|Any CPU.Build.0 = Release|Any CPU
	EndGlobalSection
	GlobalSection(SolutionProperties) = preSolution
		HideSolutionNode = FALSE
	EndGlobalSection
	GlobalSection(ExtensibilityGlobals) = postSolution
		SolutionGuid = {48CB7CF9-F5DA-4644-B48D-1A7C81AA5BA4}
	EndGlobalSection
EndGlobal
